// !$*UTF8*$!
{
	archiveVersion = 1;
	classes = {
	};
	objectVersion = 55;
	objects = {

/* Begin PBXBuildFile section */
		078EA46ED619307490DB3331 /* Pods_kluch.framework in Frameworks */ = {isa = PBXBuildFile; fileRef = D834DBC5F5A3462D78F0082D /* Pods_kluch.framework */; };
		1F0F357E27BA66C400A71DD6 /* Houses.swift in Sources */ = {isa = PBXBuildFile; fileRef = 1F0F357D27BA66C400A71DD6 /* Houses.swift */; };
		1F0F358027BA66FE00A71DD6 /* Commercial.swift in Sources */ = {isa = PBXBuildFile; fileRef = 1F0F357F27BA66FE00A71DD6 /* Commercial.swift */; };
		1F0F358427BA674E00A71DD6 /* Apartment.swift in Sources */ = {isa = PBXBuildFile; fileRef = 1F0F358327BA674E00A71DD6 /* Apartment.swift */; };
		1F0F358627BA67E600A71DD6 /* RealEstate.swift in Sources */ = {isa = PBXBuildFile; fileRef = 1F0F358527BA67E600A71DD6 /* RealEstate.swift */; };
		1F0F358827BA6B3400A71DD6 /* Constants.swift in Sources */ = {isa = PBXBuildFile; fileRef = 1F0F358727BA6B3400A71DD6 /* Constants.swift */; };
		1F0F358A27BA953700A71DD6 /* PropertyFactory.swift in Sources */ = {isa = PBXBuildFile; fileRef = 1F0F358927BA953700A71DD6 /* PropertyFactory.swift */; };
		1F319FF127ABD25100C6BABC /* ResultTableViewCell.swift in Sources */ = {isa = PBXBuildFile; fileRef = 1F319FF027ABD25100C6BABC /* ResultTableViewCell.swift */; };
		1F319FF327ABE46200C6BABC /* PropertyModel.swift in Sources */ = {isa = PBXBuildFile; fileRef = 1F319FF227ABE46200C6BABC /* PropertyModel.swift */; };
		1F380DAC27BBCB7A00D9F678 /* SearchParamsBuilder.swift in Sources */ = {isa = PBXBuildFile; fileRef = 1F380DAB27BBCB7A00D9F678 /* SearchParamsBuilder.swift */; };
		1F67281D27CE3C3400FCF07F /* PropertyViewController.swift in Sources */ = {isa = PBXBuildFile; fileRef = 1F67281C27CE3C3400FCF07F /* PropertyViewController.swift */; };
		1F67282027CE631300FCF07F /* PropertyView.swift in Sources */ = {isa = PBXBuildFile; fileRef = 1F67281F27CE631300FCF07F /* PropertyView.swift */; };
		1F67282327CE76A700FCF07F /* ImageCarouselCell.swift in Sources */ = {isa = PBXBuildFile; fileRef = 1F67282227CE76A700FCF07F /* ImageCarouselCell.swift */; };
		1F770A5527A98F1700DDB7D2 /* PropertyList.swift in Sources */ = {isa = PBXBuildFile; fileRef = 1F770A5427A98F1700DDB7D2 /* PropertyList.swift */; };
		1F7A7C6A27AA811C00ADB332 /* SearchParameters.swift in Sources */ = {isa = PBXBuildFile; fileRef = 1F7A7C6927AA811C00ADB332 /* SearchParameters.swift */; };
		1F7D7CAF27A2C80400739784 /* SearchFormView.swift in Sources */ = {isa = PBXBuildFile; fileRef = 1F7D7CAE27A2C80400739784 /* SearchFormView.swift */; };
		1F7D7CB127A2C85B00739784 /* SearchResultTableView.swift in Sources */ = {isa = PBXBuildFile; fileRef = 1F7D7CB027A2C85B00739784 /* SearchResultTableView.swift */; };
		1FCF486427CF6F080070C67B /* PropertyText.swift in Sources */ = {isa = PBXBuildFile; fileRef = 1FCF486327CF6F080070C67B /* PropertyText.swift */; };
		1FCF486627CF79270070C67B /* LikeButton.swift in Sources */ = {isa = PBXBuildFile; fileRef = 1FCF486527CF79270070C67B /* LikeButton.swift */; };
		1FE444C627A00B91006A364E /* AppDelegate.swift in Sources */ = {isa = PBXBuildFile; fileRef = 1FE444C527A00B91006A364E /* AppDelegate.swift */; };
		1FE444CF27A00B95006A364E /* Assets.xcassets in Resources */ = {isa = PBXBuildFile; fileRef = 1FE444CE27A00B95006A364E /* Assets.xcassets */; };
		1FE444D227A00B95006A364E /* LaunchScreen.storyboard in Resources */ = {isa = PBXBuildFile; fileRef = 1FE444D027A00B95006A364E /* LaunchScreen.storyboard */; };
		1FE444DB27A00DF9006A364E /* TabBarTitle.swift in Sources */ = {isa = PBXBuildFile; fileRef = 1FE444DA27A00DF9006A364E /* TabBarTitle.swift */; };
		1FE444DD27A00EA8006A364E /* HomeViewContoller.swift in Sources */ = {isa = PBXBuildFile; fileRef = 1FE444DC27A00EA8006A364E /* HomeViewContoller.swift */; };
		1FE444DF27A00ED9006A364E /* SearchViewController.swift in Sources */ = {isa = PBXBuildFile; fileRef = 1FE444DE27A00ED9006A364E /* SearchViewController.swift */; };
		1FE444E127A00EEC006A364E /* FavoritesTableViewController.swift in Sources */ = {isa = PBXBuildFile; fileRef = 1FE444E027A00EEC006A364E /* FavoritesTableViewController.swift */; };
		1FE444E327A01272006A364E /* TabBarController.swift in Sources */ = {isa = PBXBuildFile; fileRef = 1FE444E227A01272006A364E /* TabBarController.swift */; };
		1FE444EA27A031FE006A364E /* NewsBoxView.swift in Sources */ = {isa = PBXBuildFile; fileRef = 1FE444E927A031FE006A364E /* NewsBoxView.swift */; };
/* End PBXBuildFile section */

/* Begin PBXFileReference section */
		1F0F357D27BA66C400A71DD6 /* Houses.swift */ = {isa = PBXFileReference; lastKnownFileType = sourcecode.swift; path = Houses.swift; sourceTree = "<group>"; };
		1F0F357F27BA66FE00A71DD6 /* Commercial.swift */ = {isa = PBXFileReference; lastKnownFileType = sourcecode.swift; path = Commercial.swift; sourceTree = "<group>"; };
		1F0F358327BA674E00A71DD6 /* Apartment.swift */ = {isa = PBXFileReference; lastKnownFileType = sourcecode.swift; path = Apartment.swift; sourceTree = "<group>"; };
		1F0F358527BA67E600A71DD6 /* RealEstate.swift */ = {isa = PBXFileReference; lastKnownFileType = sourcecode.swift; path = RealEstate.swift; sourceTree = "<group>"; };
		1F0F358727BA6B3400A71DD6 /* Constants.swift */ = {isa = PBXFileReference; lastKnownFileType = sourcecode.swift; path = Constants.swift; sourceTree = "<group>"; };
		1F0F358927BA953700A71DD6 /* PropertyFactory.swift */ = {isa = PBXFileReference; lastKnownFileType = sourcecode.swift; path = PropertyFactory.swift; sourceTree = "<group>"; };
		1F319FF027ABD25100C6BABC /* ResultTableViewCell.swift */ = {isa = PBXFileReference; lastKnownFileType = sourcecode.swift; path = ResultTableViewCell.swift; sourceTree = "<group>"; };
		1F319FF227ABE46200C6BABC /* PropertyModel.swift */ = {isa = PBXFileReference; lastKnownFileType = sourcecode.swift; path = PropertyModel.swift; sourceTree = "<group>"; };
		1F380DAB27BBCB7A00D9F678 /* SearchParamsBuilder.swift */ = {isa = PBXFileReference; lastKnownFileType = sourcecode.swift; path = SearchParamsBuilder.swift; sourceTree = "<group>"; };
		1F67281C27CE3C3400FCF07F /* PropertyViewController.swift */ = {isa = PBXFileReference; lastKnownFileType = sourcecode.swift; path = PropertyViewController.swift; sourceTree = "<group>"; };
		1F67281F27CE631300FCF07F /* PropertyView.swift */ = {isa = PBXFileReference; lastKnownFileType = sourcecode.swift; path = PropertyView.swift; sourceTree = "<group>"; };
		1F67282227CE76A700FCF07F /* ImageCarouselCell.swift */ = {isa = PBXFileReference; lastKnownFileType = sourcecode.swift; path = ImageCarouselCell.swift; sourceTree = "<group>"; };
		1F770A5427A98F1700DDB7D2 /* PropertyList.swift */ = {isa = PBXFileReference; lastKnownFileType = sourcecode.swift; path = PropertyList.swift; sourceTree = "<group>"; };
		1F7A7C6927AA811C00ADB332 /* SearchParameters.swift */ = {isa = PBXFileReference; lastKnownFileType = sourcecode.swift; path = SearchParameters.swift; sourceTree = "<group>"; };
		1F7D7CAE27A2C80400739784 /* SearchFormView.swift */ = {isa = PBXFileReference; lastKnownFileType = sourcecode.swift; path = SearchFormView.swift; sourceTree = "<group>"; };
		1F7D7CB027A2C85B00739784 /* SearchResultTableView.swift */ = {isa = PBXFileReference; lastKnownFileType = sourcecode.swift; path = SearchResultTableView.swift; sourceTree = "<group>"; };
		1FCF486327CF6F080070C67B /* PropertyText.swift */ = {isa = PBXFileReference; lastKnownFileType = sourcecode.swift; path = PropertyText.swift; sourceTree = "<group>"; };
		1FCF486527CF79270070C67B /* LikeButton.swift */ = {isa = PBXFileReference; lastKnownFileType = sourcecode.swift; path = LikeButton.swift; sourceTree = "<group>"; };
		1FE444C227A00B91006A364E /* kluch.app */ = {isa = PBXFileReference; explicitFileType = wrapper.application; includeInIndex = 0; path = kluch.app; sourceTree = BUILT_PRODUCTS_DIR; };
		1FE444C527A00B91006A364E /* AppDelegate.swift */ = {isa = PBXFileReference; lastKnownFileType = sourcecode.swift; path = AppDelegate.swift; sourceTree = "<group>"; };
		1FE444CE27A00B95006A364E /* Assets.xcassets */ = {isa = PBXFileReference; lastKnownFileType = folder.assetcatalog; path = Assets.xcassets; sourceTree = "<group>"; };
		1FE444D127A00B95006A364E /* Base */ = {isa = PBXFileReference; lastKnownFileType = file.storyboard; name = Base; path = Base.lproj/LaunchScreen.storyboard; sourceTree = "<group>"; };
		1FE444D327A00B95006A364E /* Info.plist */ = {isa = PBXFileReference; lastKnownFileType = text.plist.xml; path = Info.plist; sourceTree = "<group>"; };
		1FE444DA27A00DF9006A364E /* TabBarTitle.swift */ = {isa = PBXFileReference; lastKnownFileType = sourcecode.swift; path = TabBarTitle.swift; sourceTree = "<group>"; };
		1FE444DC27A00EA8006A364E /* HomeViewContoller.swift */ = {isa = PBXFileReference; lastKnownFileType = sourcecode.swift; path = HomeViewContoller.swift; sourceTree = "<group>"; };
		1FE444DE27A00ED9006A364E /* SearchViewController.swift */ = {isa = PBXFileReference; lastKnownFileType = sourcecode.swift; path = SearchViewController.swift; sourceTree = "<group>"; };
		1FE444E027A00EEC006A364E /* FavoritesTableViewController.swift */ = {isa = PBXFileReference; lastKnownFileType = sourcecode.swift; path = FavoritesTableViewController.swift; sourceTree = "<group>"; };
		1FE444E227A01272006A364E /* TabBarController.swift */ = {isa = PBXFileReference; lastKnownFileType = sourcecode.swift; path = TabBarController.swift; sourceTree = "<group>"; };
		1FE444E927A031FE006A364E /* NewsBoxView.swift */ = {isa = PBXFileReference; lastKnownFileType = sourcecode.swift; path = NewsBoxView.swift; sourceTree = "<group>"; };
		2F11A9EDD65BE9779C63F819 /* Pods-kluch.release.xcconfig */ = {isa = PBXFileReference; includeInIndex = 1; lastKnownFileType = text.xcconfig; name = "Pods-kluch.release.xcconfig"; path = "Target Support Files/Pods-kluch/Pods-kluch.release.xcconfig"; sourceTree = "<group>"; };
		5D443751E64CEF05F63923A1 /* Pods-kluch.debug.xcconfig */ = {isa = PBXFileReference; includeInIndex = 1; lastKnownFileType = text.xcconfig; name = "Pods-kluch.debug.xcconfig"; path = "Target Support Files/Pods-kluch/Pods-kluch.debug.xcconfig"; sourceTree = "<group>"; };
		D834DBC5F5A3462D78F0082D /* Pods_kluch.framework */ = {isa = PBXFileReference; explicitFileType = wrapper.framework; includeInIndex = 0; path = Pods_kluch.framework; sourceTree = BUILT_PRODUCTS_DIR; };
/* End PBXFileReference section */

/* Begin PBXFrameworksBuildPhase section */
		1FE444BF27A00B91006A364E /* Frameworks */ = {
			isa = PBXFrameworksBuildPhase;
			buildActionMask = 2147483647;
			files = (
				078EA46ED619307490DB3331 /* Pods_kluch.framework in Frameworks */,
			);
			runOnlyForDeploymentPostprocessing = 0;
		};
/* End PBXFrameworksBuildPhase section */

/* Begin PBXGroup section */
		1F0F357827BA5F3C00A71DD6 /* TabBar */ = {
			isa = PBXGroup;
			children = (
				1FE444DA27A00DF9006A364E /* TabBarTitle.swift */,
				1FE444E227A01272006A364E /* TabBarController.swift */,
			);
			path = TabBar;
			sourceTree = "<group>";
		};
		1F0F357927BA5F4C00A71DD6 /* Favorites */ = {
			isa = PBXGroup;
			children = (
				1FE444E027A00EEC006A364E /* FavoritesTableViewController.swift */,
			);
			path = Favorites;
			sourceTree = "<group>";
		};
		1F0F358127BA672300A71DD6 /* Model */ = {
			isa = PBXGroup;
			children = (
				1F0F358227BA672F00A71DD6 /* Property */,
				1F0F358727BA6B3400A71DD6 /* Constants.swift */,
				1F0F358927BA953700A71DD6 /* PropertyFactory.swift */,
			);
			path = Model;
			sourceTree = "<group>";
		};
		1F0F358227BA672F00A71DD6 /* Property */ = {
			isa = PBXGroup;
			children = (
				1F319FF227ABE46200C6BABC /* PropertyModel.swift */,
				1F0F357D27BA66C400A71DD6 /* Houses.swift */,
				1F0F357F27BA66FE00A71DD6 /* Commercial.swift */,
				1F0F358327BA674E00A71DD6 /* Apartment.swift */,
			);
			path = Property;
			sourceTree = "<group>";
		};
		1F67281E27CE607100FCF07F /* Property */ = {
			isa = PBXGroup;
			children = (
				1FCF486227CF6EA60070C67B /* Controller */,
				1F67282127CE631E00FCF07F /* View */,
			);
			path = Property;
			sourceTree = "<group>";
		};
		1F67282127CE631E00FCF07F /* View */ = {
			isa = PBXGroup;
			children = (
				1F67281F27CE631300FCF07F /* PropertyView.swift */,
				1F67282227CE76A700FCF07F /* ImageCarouselCell.swift */,
			);
			path = View;
			sourceTree = "<group>";
		};
		1F770A5627A98F1C00DDB7D2 /* Model */ = {
			isa = PBXGroup;
			children = (
				1F770A5427A98F1700DDB7D2 /* PropertyList.swift */,
				1F7A7C6927AA811C00ADB332 /* SearchParameters.swift */,
				1F0F358527BA67E600A71DD6 /* RealEstate.swift */,
				1F380DAB27BBCB7A00D9F678 /* SearchParamsBuilder.swift */,
			);
			path = Model;
			sourceTree = "<group>";
		};
		1F7D7CAC27A2C7DF00739784 /* Search */ = {
			isa = PBXGroup;
			children = (
				1F7D7CAD27A2C7EC00739784 /* Controllers */,
				1F7D7CB227A2C8CA00739784 /* Views */,
				1F770A5627A98F1C00DDB7D2 /* Model */,
			);
			path = Search;
			sourceTree = "<group>";
		};
		1F7D7CAD27A2C7EC00739784 /* Controllers */ = {
			isa = PBXGroup;
			children = (
				1FE444DE27A00ED9006A364E /* SearchViewController.swift */,
			);
			path = Controllers;
			sourceTree = "<group>";
		};
		1F7D7CB227A2C8CA00739784 /* Views */ = {
			isa = PBXGroup;
			children = (
				1F7D7CAE27A2C80400739784 /* SearchFormView.swift */,
				1F7D7CB027A2C85B00739784 /* SearchResultTableView.swift */,
				1F319FF027ABD25100C6BABC /* ResultTableViewCell.swift */,
			);
			path = Views;
			sourceTree = "<group>";
		};
		1FCF486227CF6EA60070C67B /* Controller */ = {
			isa = PBXGroup;
			children = (
				1F67281C27CE3C3400FCF07F /* PropertyViewController.swift */,
			);
			path = Controller;
			sourceTree = "<group>";
		};
		1FCF486727CF7AF80070C67B /* View */ = {
			isa = PBXGroup;
			children = (
				1FCF486327CF6F080070C67B /* PropertyText.swift */,
				1FCF486527CF79270070C67B /* LikeButton.swift */,
			);
			path = View;
			sourceTree = "<group>";
		};
		1FE444B927A00B91006A364E = {
			isa = PBXGroup;
			children = (
				1FE444C427A00B91006A364E /* kluch */,
				1FE444C327A00B91006A364E /* Products */,
				5FEB7CA305786147575DEB8E /* Pods */,
				83BF5029381FDFEF853652D7 /* Frameworks */,
			);
			sourceTree = "<group>";
		};
		1FE444C327A00B91006A364E /* Products */ = {
			isa = PBXGroup;
			children = (
				1FE444C227A00B91006A364E /* kluch.app */,
			);
			name = Products;
			sourceTree = "<group>";
		};
		1FE444C427A00B91006A364E /* kluch */ = {
			isa = PBXGroup;
			children = (
				1FE444C527A00B91006A364E /* AppDelegate.swift */,
				1FE444CE27A00B95006A364E /* Assets.xcassets */,
				1FE444D927A00D2E006A364E /* Supporting files */,
				1FE444D327A00B95006A364E /* Info.plist */,
				1FCF486727CF7AF80070C67B /* View */,
				1F0F358127BA672300A71DD6 /* Model */,
				1F0F357827BA5F3C00A71DD6 /* TabBar */,
				1FE444E427A0313C006A364E /* Home */,
				1F7D7CAC27A2C7DF00739784 /* Search */,
				1F0F357927BA5F4C00A71DD6 /* Favorites */,
				1F67281E27CE607100FCF07F /* Property */,
			);
			path = kluch;
			sourceTree = "<group>";
		};
		1FE444D927A00D2E006A364E /* Supporting files */ = {
			isa = PBXGroup;
			children = (
				1FE444D027A00B95006A364E /* LaunchScreen.storyboard */,
			);
			path = "Supporting files";
			sourceTree = "<group>";
		};
		1FE444E427A0313C006A364E /* Home */ = {
			isa = PBXGroup;
			children = (
				1FE444E527A03157006A364E /* Controllers */,
				1FE444E827A03181006A364E /* Views */,
			);
			path = Home;
			sourceTree = "<group>";
		};
		1FE444E527A03157006A364E /* Controllers */ = {
			isa = PBXGroup;
			children = (
				1FE444DC27A00EA8006A364E /* HomeViewContoller.swift */,
			);
			path = Controllers;
			sourceTree = "<group>";
		};
		1FE444E827A03181006A364E /* Views */ = {
			isa = PBXGroup;
			children = (
				1FE444E927A031FE006A364E /* NewsBoxView.swift */,
			);
			path = Views;
			sourceTree = "<group>";
		};
		5FEB7CA305786147575DEB8E /* Pods */ = {
			isa = PBXGroup;
			children = (
				5D443751E64CEF05F63923A1 /* Pods-kluch.debug.xcconfig */,
				2F11A9EDD65BE9779C63F819 /* Pods-kluch.release.xcconfig */,
			);
			path = Pods;
			sourceTree = "<group>";
		};
		83BF5029381FDFEF853652D7 /* Frameworks */ = {
			isa = PBXGroup;
			children = (
				D834DBC5F5A3462D78F0082D /* Pods_kluch.framework */,
			);
			name = Frameworks;
			sourceTree = "<group>";
		};
/* End PBXGroup section */

/* Begin PBXNativeTarget section */
		1FE444C127A00B91006A364E /* kluch */ = {
			isa = PBXNativeTarget;
			buildConfigurationList = 1FE444D627A00B95006A364E /* Build configuration list for PBXNativeTarget "kluch" */;
			buildPhases = (
				CE149B25CA1B729CA4AAFBD4 /* [CP] Check Pods Manifest.lock */,
				1FE444BE27A00B91006A364E /* Sources */,
				1FE444BF27A00B91006A364E /* Frameworks */,
				1FE444C027A00B91006A364E /* Resources */,
				F6A1E1312042A8A8C7B6751F /* [CP] Embed Pods Frameworks */,
			);
			buildRules = (
			);
			dependencies = (
			);
			name = kluch;
			productName = kluch;
			productReference = 1FE444C227A00B91006A364E /* kluch.app */;
			productType = "com.apple.product-type.application";
		};
/* End PBXNativeTarget section */

/* Begin PBXProject section */
		1FE444BA27A00B91006A364E /* Project object */ = {
			isa = PBXProject;
			attributes = {
				BuildIndependentTargetsInParallel = 1;
				LastSwiftUpdateCheck = 1320;
				LastUpgradeCheck = 1320;
				TargetAttributes = {
					1FE444C127A00B91006A364E = {
						CreatedOnToolsVersion = 13.2.1;
					};
				};
			};
			buildConfigurationList = 1FE444BD27A00B91006A364E /* Build configuration list for PBXProject "kluch" */;
			compatibilityVersion = "Xcode 13.0";
			developmentRegion = en;
			hasScannedForEncodings = 0;
			knownRegions = (
				en,
				Base,
			);
			mainGroup = 1FE444B927A00B91006A364E;
			productRefGroup = 1FE444C327A00B91006A364E /* Products */;
			projectDirPath = "";
			projectRoot = "";
			targets = (
				1FE444C127A00B91006A364E /* kluch */,
			);
		};
/* End PBXProject section */

/* Begin PBXResourcesBuildPhase section */
		1FE444C027A00B91006A364E /* Resources */ = {
			isa = PBXResourcesBuildPhase;
			buildActionMask = 2147483647;
			files = (
				1FE444D227A00B95006A364E /* LaunchScreen.storyboard in Resources */,
				1FE444CF27A00B95006A364E /* Assets.xcassets in Resources */,
			);
			runOnlyForDeploymentPostprocessing = 0;
		};
/* End PBXResourcesBuildPhase section */

/* Begin PBXShellScriptBuildPhase section */
		CE149B25CA1B729CA4AAFBD4 /* [CP] Check Pods Manifest.lock */ = {
			isa = PBXShellScriptBuildPhase;
			buildActionMask = 2147483647;
			files = (
			);
			inputFileListPaths = (
			);
			inputPaths = (
				"${PODS_PODFILE_DIR_PATH}/Podfile.lock",
				"${PODS_ROOT}/Manifest.lock",
			);
			name = "[CP] Check Pods Manifest.lock";
			outputFileListPaths = (
			);
			outputPaths = (
				"$(DERIVED_FILE_DIR)/Pods-kluch-checkManifestLockResult.txt",
			);
			runOnlyForDeploymentPostprocessing = 0;
			shellPath = /bin/sh;
			shellScript = "diff \"${PODS_PODFILE_DIR_PATH}/Podfile.lock\" \"${PODS_ROOT}/Manifest.lock\" > /dev/null\nif [ $? != 0 ] ; then\n    # print error to STDERR\n    echo \"error: The sandbox is not in sync with the Podfile.lock. Run 'pod install' or update your CocoaPods installation.\" >&2\n    exit 1\nfi\n# This output is used by Xcode 'outputs' to avoid re-running this script phase.\necho \"SUCCESS\" > \"${SCRIPT_OUTPUT_FILE_0}\"\n";
			showEnvVarsInLog = 0;
		};
		F6A1E1312042A8A8C7B6751F /* [CP] Embed Pods Frameworks */ = {
			isa = PBXShellScriptBuildPhase;
			buildActionMask = 2147483647;
			files = (
			);
			inputFileListPaths = (
				"${PODS_ROOT}/Target Support Files/Pods-kluch/Pods-kluch-frameworks-${CONFIGURATION}-input-files.xcfilelist",
			);
			name = "[CP] Embed Pods Frameworks";
			outputFileListPaths = (
				"${PODS_ROOT}/Target Support Files/Pods-kluch/Pods-kluch-frameworks-${CONFIGURATION}-output-files.xcfilelist",
			);
			runOnlyForDeploymentPostprocessing = 0;
			shellPath = /bin/sh;
			shellScript = "\"${PODS_ROOT}/Target Support Files/Pods-kluch/Pods-kluch-frameworks.sh\"\n";
			showEnvVarsInLog = 0;
		};
/* End PBXShellScriptBuildPhase section */

/* Begin PBXSourcesBuildPhase section */
		1FE444BE27A00B91006A364E /* Sources */ = {
			isa = PBXSourcesBuildPhase;
			buildActionMask = 2147483647;
			files = (
				1F0F358A27BA953700A71DD6 /* PropertyFactory.swift in Sources */,
				1F0F357E27BA66C400A71DD6 /* Houses.swift in Sources */,
				1F319FF327ABE46200C6BABC /* PropertyModel.swift in Sources */,
				1FE444DF27A00ED9006A364E /* SearchViewController.swift in Sources */,
				1FE444E327A01272006A364E /* TabBarController.swift in Sources */,
				1F770A5527A98F1700DDB7D2 /* PropertyList.swift in Sources */,
				1F7A7C6A27AA811C00ADB332 /* SearchParameters.swift in Sources */,
				1F67282327CE76A700FCF07F /* ImageCarouselCell.swift in Sources */,
				1F67281D27CE3C3400FCF07F /* PropertyViewController.swift in Sources */,
				1F0F358427BA674E00A71DD6 /* Apartment.swift in Sources */,
				1FE444EA27A031FE006A364E /* NewsBoxView.swift in Sources */,
				1F380DAC27BBCB7A00D9F678 /* SearchParamsBuilder.swift in Sources */,
				1F7D7CAF27A2C80400739784 /* SearchFormView.swift in Sources */,
				1FE444E127A00EEC006A364E /* FavoritesTableViewController.swift in Sources */,
				1FE444C627A00B91006A364E /* AppDelegate.swift in Sources */,
				1F319FF127ABD25100C6BABC /* ResultTableViewCell.swift in Sources */,
				1F67282027CE631300FCF07F /* PropertyView.swift in Sources */,
				1F0F358027BA66FE00A71DD6 /* Commercial.swift in Sources */,
				1FCF486627CF79270070C67B /* LikeButton.swift in Sources */,
				1FE444DB27A00DF9006A364E /* TabBarTitle.swift in Sources */,
				1F7D7CB127A2C85B00739784 /* SearchResultTableView.swift in Sources */,
				1FE444DD27A00EA8006A364E /* HomeViewContoller.swift in Sources */,
				1FCF486427CF6F080070C67B /* PropertyText.swift in Sources */,
				1F0F358627BA67E600A71DD6 /* RealEstate.swift in Sources */,
				1F0F358827BA6B3400A71DD6 /* Constants.swift in Sources */,
			);
			runOnlyForDeploymentPostprocessing = 0;
		};
/* End PBXSourcesBuildPhase section */

/* Begin PBXVariantGroup section */
		1FE444D027A00B95006A364E /* LaunchScreen.storyboard */ = {
			isa = PBXVariantGroup;
			children = (
				1FE444D127A00B95006A364E /* Base */,
			);
			name = LaunchScreen.storyboard;
			sourceTree = "<group>";
		};
/* End PBXVariantGroup section */

/* Begin XCBuildConfiguration section */
		1FE444D427A00B95006A364E /* Debug */ = {
			isa = XCBuildConfiguration;
			buildSettings = {
				ALWAYS_SEARCH_USER_PATHS = NO;
				CLANG_ANALYZER_NONNULL = YES;
				CLANG_ANALYZER_NUMBER_OBJECT_CONVERSION = YES_AGGRESSIVE;
				CLANG_CXX_LANGUAGE_STANDARD = "gnu++17";
				CLANG_CXX_LIBRARY = "libc++";
				CLANG_ENABLE_MODULES = YES;
				CLANG_ENABLE_OBJC_ARC = YES;
				CLANG_ENABLE_OBJC_WEAK = YES;
				CLANG_WARN_BLOCK_CAPTURE_AUTORELEASING = YES;
				CLANG_WARN_BOOL_CONVERSION = YES;
				CLANG_WARN_COMMA = YES;
				CLANG_WARN_CONSTANT_CONVERSION = YES;
				CLANG_WARN_DEPRECATED_OBJC_IMPLEMENTATIONS = YES;
				CLANG_WARN_DIRECT_OBJC_ISA_USAGE = YES_ERROR;
				CLANG_WARN_DOCUMENTATION_COMMENTS = YES;
				CLANG_WARN_EMPTY_BODY = YES;
				CLANG_WARN_ENUM_CONVERSION = YES;
				CLANG_WARN_INFINITE_RECURSION = YES;
				CLANG_WARN_INT_CONVERSION = YES;
				CLANG_WARN_NON_LITERAL_NULL_CONVERSION = YES;
				CLANG_WARN_OBJC_IMPLICIT_RETAIN_SELF = YES;
				CLANG_WARN_OBJC_LITERAL_CONVERSION = YES;
				CLANG_WARN_OBJC_ROOT_CLASS = YES_ERROR;
				CLANG_WARN_QUOTED_INCLUDE_IN_FRAMEWORK_HEADER = YES;
				CLANG_WARN_RANGE_LOOP_ANALYSIS = YES;
				CLANG_WARN_STRICT_PROTOTYPES = YES;
				CLANG_WARN_SUSPICIOUS_MOVE = YES;
				CLANG_WARN_UNGUARDED_AVAILABILITY = YES_AGGRESSIVE;
				CLANG_WARN_UNREACHABLE_CODE = YES;
				CLANG_WARN__DUPLICATE_METHOD_MATCH = YES;
				COPY_PHASE_STRIP = NO;
				DEBUG_INFORMATION_FORMAT = dwarf;
				ENABLE_STRICT_OBJC_MSGSEND = YES;
				ENABLE_TESTABILITY = YES;
				GCC_C_LANGUAGE_STANDARD = gnu11;
				GCC_DYNAMIC_NO_PIC = NO;
				GCC_NO_COMMON_BLOCKS = YES;
				GCC_OPTIMIZATION_LEVEL = 0;
				GCC_PREPROCESSOR_DEFINITIONS = (
					"DEBUG=1",
					"$(inherited)",
				);
				GCC_WARN_64_TO_32_BIT_CONVERSION = YES;
				GCC_WARN_ABOUT_RETURN_TYPE = YES_ERROR;
				GCC_WARN_UNDECLARED_SELECTOR = YES;
				GCC_WARN_UNINITIALIZED_AUTOS = YES_AGGRESSIVE;
				GCC_WARN_UNUSED_FUNCTION = YES;
				GCC_WARN_UNUSED_VARIABLE = YES;
				IPHONEOS_DEPLOYMENT_TARGET = 15.2;
				MTL_ENABLE_DEBUG_INFO = INCLUDE_SOURCE;
				MTL_FAST_MATH = YES;
				ONLY_ACTIVE_ARCH = YES;
				SDKROOT = iphoneos;
				SWIFT_ACTIVE_COMPILATION_CONDITIONS = DEBUG;
				SWIFT_OPTIMIZATION_LEVEL = "-Onone";
			};
			name = Debug;
		};
		1FE444D527A00B95006A364E /* Release */ = {
			isa = XCBuildConfiguration;
			buildSettings = {
				ALWAYS_SEARCH_USER_PATHS = NO;
				CLANG_ANALYZER_NONNULL = YES;
				CLANG_ANALYZER_NUMBER_OBJECT_CONVERSION = YES_AGGRESSIVE;
				CLANG_CXX_LANGUAGE_STANDARD = "gnu++17";
				CLANG_CXX_LIBRARY = "libc++";
				CLANG_ENABLE_MODULES = YES;
				CLANG_ENABLE_OBJC_ARC = YES;
				CLANG_ENABLE_OBJC_WEAK = YES;
				CLANG_WARN_BLOCK_CAPTURE_AUTORELEASING = YES;
				CLANG_WARN_BOOL_CONVERSION = YES;
				CLANG_WARN_COMMA = YES;
				CLANG_WARN_CONSTANT_CONVERSION = YES;
				CLANG_WARN_DEPRECATED_OBJC_IMPLEMENTATIONS = YES;
				CLANG_WARN_DIRECT_OBJC_ISA_USAGE = YES_ERROR;
				CLANG_WARN_DOCUMENTATION_COMMENTS = YES;
				CLANG_WARN_EMPTY_BODY = YES;
				CLANG_WARN_ENUM_CONVERSION = YES;
				CLANG_WARN_INFINITE_RECURSION = YES;
				CLANG_WARN_INT_CONVERSION = YES;
				CLANG_WARN_NON_LITERAL_NULL_CONVERSION = YES;
				CLANG_WARN_OBJC_IMPLICIT_RETAIN_SELF = YES;
				CLANG_WARN_OBJC_LITERAL_CONVERSION = YES;
				CLANG_WARN_OBJC_ROOT_CLASS = YES_ERROR;
				CLANG_WARN_QUOTED_INCLUDE_IN_FRAMEWORK_HEADER = YES;
				CLANG_WARN_RANGE_LOOP_ANALYSIS = YES;
				CLANG_WARN_STRICT_PROTOTYPES = YES;
				CLANG_WARN_SUSPICIOUS_MOVE = YES;
				CLANG_WARN_UNGUARDED_AVAILABILITY = YES_AGGRESSIVE;
				CLANG_WARN_UNREACHABLE_CODE = YES;
				CLANG_WARN__DUPLICATE_METHOD_MATCH = YES;
				COPY_PHASE_STRIP = NO;
				DEBUG_INFORMATION_FORMAT = "dwarf-with-dsym";
				ENABLE_NS_ASSERTIONS = NO;
				ENABLE_STRICT_OBJC_MSGSEND = YES;
				GCC_C_LANGUAGE_STANDARD = gnu11;
				GCC_NO_COMMON_BLOCKS = YES;
				GCC_WARN_64_TO_32_BIT_CONVERSION = YES;
				GCC_WARN_ABOUT_RETURN_TYPE = YES_ERROR;
				GCC_WARN_UNDECLARED_SELECTOR = YES;
				GCC_WARN_UNINITIALIZED_AUTOS = YES_AGGRESSIVE;
				GCC_WARN_UNUSED_FUNCTION = YES;
				GCC_WARN_UNUSED_VARIABLE = YES;
				IPHONEOS_DEPLOYMENT_TARGET = 15.2;
				MTL_ENABLE_DEBUG_INFO = NO;
				MTL_FAST_MATH = YES;
				SDKROOT = iphoneos;
				SWIFT_COMPILATION_MODE = wholemodule;
				SWIFT_OPTIMIZATION_LEVEL = "-O";
				VALIDATE_PRODUCT = YES;
			};
			name = Release;
		};
		1FE444D727A00B95006A364E /* Debug */ = {
			isa = XCBuildConfiguration;
			baseConfigurationReference = 5D443751E64CEF05F63923A1 /* Pods-kluch.debug.xcconfig */;
			buildSettings = {
				ASSETCATALOG_COMPILER_APPICON_NAME = AppIcon;
				ASSETCATALOG_COMPILER_GLOBAL_ACCENT_COLOR_NAME = AccentColor;
				CODE_SIGN_STYLE = Automatic;
				CURRENT_PROJECT_VERSION = 1;
				DEVELOPMENT_TEAM = 4YRG2TK8YU;
				GENERATE_INFOPLIST_FILE = YES;
				INFOPLIST_FILE = kluch/Info.plist;
				INFOPLIST_KEY_UIApplicationSupportsIndirectInputEvents = YES;
				INFOPLIST_KEY_UILaunchStoryboardName = LaunchScreen;
				INFOPLIST_KEY_UISupportedInterfaceOrientations = UIInterfaceOrientationPortrait;
				INFOPLIST_KEY_UISupportedInterfaceOrientations_iPad = "UIInterfaceOrientationPortrait UIInterfaceOrientationPortraitUpsideDown UIInterfaceOrientationLandscapeLeft UIInterfaceOrientationLandscapeRight";
				INFOPLIST_KEY_UISupportedInterfaceOrientations_iPhone = "UIInterfaceOrientationPortrait UIInterfaceOrientationLandscapeLeft UIInterfaceOrientationLandscapeRight";
				LD_RUNPATH_SEARCH_PATHS = (
					"$(inherited)",
					"@executable_path/Frameworks",
				);
				MARKETING_VERSION = 1.0;
				PRODUCT_BUNDLE_IDENTIFIER = ru.alivart.flats.kluch;
				PRODUCT_NAME = "$(TARGET_NAME)";
				SWIFT_EMIT_LOC_STRINGS = YES;
				SWIFT_VERSION = 5.0;
				TARGETED_DEVICE_FAMILY = 1;
			};
			name = Debug;
		};
		1FE444D827A00B95006A364E /* Release */ = {
			isa = XCBuildConfiguration;
			baseConfigurationReference = 2F11A9EDD65BE9779C63F819 /* Pods-kluch.release.xcconfig */;
			buildSettings = {
				ASSETCATALOG_COMPILER_APPICON_NAME = AppIcon;
				ASSETCATALOG_COMPILER_GLOBAL_ACCENT_COLOR_NAME = AccentColor;
				CODE_SIGN_STYLE = Automatic;
				CURRENT_PROJECT_VERSION = 1;
				DEVELOPMENT_TEAM = 4YRG2TK8YU;
				GENERATE_INFOPLIST_FILE = YES;
				INFOPLIST_FILE = kluch/Info.plist;
				INFOPLIST_KEY_UIApplicationSupportsIndirectInputEvents = YES;
				INFOPLIST_KEY_UILaunchStoryboardName = LaunchScreen;
				INFOPLIST_KEY_UISupportedInterfaceOrientations = UIInterfaceOrientationPortrait;
				INFOPLIST_KEY_UISupportedInterfaceOrientations_iPad = "UIInterfaceOrientationPortrait UIInterfaceOrientationPortraitUpsideDown UIInterfaceOrientationLandscapeLeft UIInterfaceOrientationLandscapeRight";
				INFOPLIST_KEY_UISupportedInterfaceOrientations_iPhone = "UIInterfaceOrientationPortrait UIInterfaceOrientationLandscapeLeft UIInterfaceOrientationLandscapeRight";
				LD_RUNPATH_SEARCH_PATHS = (
					"$(inherited)",
					"@executable_path/Frameworks",
				);
				MARKETING_VERSION = 1.0;
				PRODUCT_BUNDLE_IDENTIFIER = ru.alivart.flats.kluch;
				PRODUCT_NAME = "$(TARGET_NAME)";
				SWIFT_EMIT_LOC_STRINGS = YES;
				SWIFT_VERSION = 5.0;
				TARGETED_DEVICE_FAMILY = 1;
			};
			name = Release;
		};
/* End XCBuildConfiguration section */

/* Begin XCConfigurationList section */
		1FE444BD27A00B91006A364E /* Build configuration list for PBXProject "kluch" */ = {
			isa = XCConfigurationList;
			buildConfigurations = (
				1FE444D427A00B95006A364E /* Debug */,
				1FE444D527A00B95006A364E /* Release */,
			);
			defaultConfigurationIsVisible = 0;
			defaultConfigurationName = Release;
		};
		1FE444D627A00B95006A364E /* Build configuration list for PBXNativeTarget "kluch" */ = {
			isa = XCConfigurationList;
			buildConfigurations = (
				1FE444D727A00B95006A364E /* Debug */,
				1FE444D827A00B95006A364E /* Release */,
			);
			defaultConfigurationIsVisible = 0;
			defaultConfigurationName = Release;
		};
/* End XCConfigurationList section */
	};
	rootObject = 1FE444BA27A00B91006A364E /* Project object */;
}
